
Microsoft Visual Studio Solution File, Format Version 12.00
# Visual Studio Version 16
VisualStudioVersion = 16.0.30225.117
MinimumVisualStudioVersion = 10.0.40219.1
Project("{FAE04EC0-301F-11D3-BF4B-00C04F79EFBC}") = "BarDG.Dominio", "BarDG.Dominio\BarDG.Dominio.csproj", "{42AB022C-775C-4454-B924-10C5AB16A032}"
EndProject
Global
	GlobalSection(SolutionConfigurationPlatforms) = preSolution
		Debug|Any CPU = Debug|Any CPU
		Release|Any CPU = Release|Any CPU
	EndGlobalSection
	GlobalSection(ProjectConfigurationPlatforms) = postSolution
		{42AB022C-775C-4454-B924-10C5AB16A032}.Debug|Any CPU.ActiveCfg = Debug|Any CPU
		{42AB022C-775C-4454-B924-10C5AB16A032}.Debug|Any CPU.Build.0 = Debug|Any CPU
		{42AB022C-775C-4454-B924-10C5AB16A032}.Release|Any CPU.ActiveCfg = Release|Any CPU
		{42AB022C-775C-4454-B924-10C5AB16A032}.Release|Any CPU.Build.0 = Release|Any CPU
	EndGlobalSection
	GlobalSection(SolutionProperties) = preSolution
		HideSolutionNode = FALSE
	EndGlobalSection
	GlobalSection(ExtensibilityGlobals) = postSolution
		SolutionGuid = {4BC3B60A-03B8-453D-97E8-1DA337A9D50A}
	EndGlobalSection
EndGlobal
